
Microsoft Visual Studio Solution File, Format Version 12.00
# Visual Studio Version 17
VisualStudioVersion = 17.4.33205.214
MinimumVisualStudioVersion = 10.0.40219.1
Project("{FAE04EC0-301F-11D3-BF4B-00C04F79EFBC}") = "Assignment_1", "Assignment_1.csproj", "{7AE00FE8-8892-4269-BB24-C4747D705D52}"
EndProject
Global
	GlobalSection(SolutionConfigurationPlatforms) = preSolution
		Debug|Any CPU = Debug|Any CPU
		Release|Any CPU = Release|Any CPU
	EndGlobalSection
	GlobalSection(ProjectConfigurationPlatforms) = postSolution
		{7AE00FE8-8892-4269-BB24-C4747D705D52}.Debug|Any CPU.ActiveCfg = Debug|Any CPU
		{7AE00FE8-8892-4269-BB24-C4747D705D52}.Debug|Any CPU.Build.0 = Debug|Any CPU
		{7AE00FE8-8892-4269-BB24-C4747D705D52}.Release|Any CPU.ActiveCfg = Release|Any CPU
		{7AE00FE8-8892-4269-BB24-C4747D705D52}.Release|Any CPU.Build.0 = Release|Any CPU
	EndGlobalSection
	GlobalSection(SolutionProperties) = preSolution
		HideSolutionNode = FALSE
	EndGlobalSection
	GlobalSection(ExtensibilityGlobals) = postSolution
		SolutionGuid = {A93318A3-3F5A-4BF9-952E-0217BE0E461D}
	EndGlobalSection
EndGlobal
